
Microsoft Visual Studio Solution File, Format Version 12.00
# Visual Studio Version 17
VisualStudioVersion = 17.3.32929.385
MinimumVisualStudioVersion = 10.0.40219.1
Project("{9A19103F-16F7-4668-BE54-9A1E7A4F7556}") = "BookingApi.Create", "BookingApi.Create\src\BookingApi.Create\BookingApi.Create.csproj", "{540EE5BE-3D05-422C-B6F4-073E5D812C07}"
EndProject
Project("{9A19103F-16F7-4668-BE54-9A1E7A4F7556}") = "BookingApi.Delete", "BookingApi.Delete\src\BookingApi.Delete\BookingApi.Delete.csproj", "{E108B8F3-5FF6-4A0F-AD7D-98033D6C6FD0}"
EndProject
Project("{9A19103F-16F7-4668-BE54-9A1E7A4F7556}") = "BookingApi.Update", "BookingApi.Update\src\BookingApi.Update\BookingApi.Update.csproj", "{ED5FBB60-9B33-4A3F-8189-DEC4364AEDF4}"
EndProject
Project("{9A19103F-16F7-4668-BE54-9A1E7A4F7556}") = "BookingApi.Get", "BookingApi.Get\src\BookingApi.Get\BookingApi.Get.csproj", "{0FD3D3B8-95EB-4AE2-9DE2-D2217624610A}"
EndProject
Global
	GlobalSection(SolutionConfigurationPlatforms) = preSolution
		Debug|Any CPU = Debug|Any CPU
		Release|Any CPU = Release|Any CPU
	EndGlobalSection
	GlobalSection(ProjectConfigurationPlatforms) = postSolution
		{540EE5BE-3D05-422C-B6F4-073E5D812C07}.Debug|Any CPU.ActiveCfg = Debug|Any CPU
		{540EE5BE-3D05-422C-B6F4-073E5D812C07}.Debug|Any CPU.Build.0 = Debug|Any CPU
		{540EE5BE-3D05-422C-B6F4-073E5D812C07}.Release|Any CPU.ActiveCfg = Release|Any CPU
		{540EE5BE-3D05-422C-B6F4-073E5D812C07}.Release|Any CPU.Build.0 = Release|Any CPU
		{E108B8F3-5FF6-4A0F-AD7D-98033D6C6FD0}.Debug|Any CPU.ActiveCfg = Debug|Any CPU
		{E108B8F3-5FF6-4A0F-AD7D-98033D6C6FD0}.Debug|Any CPU.Build.0 = Debug|Any CPU
		{E108B8F3-5FF6-4A0F-AD7D-98033D6C6FD0}.Release|Any CPU.ActiveCfg = Release|Any CPU
		{E108B8F3-5FF6-4A0F-AD7D-98033D6C6FD0}.Release|Any CPU.Build.0 = Release|Any CPU
		{ED5FBB60-9B33-4A3F-8189-DEC4364AEDF4}.Debug|Any CPU.ActiveCfg = Debug|Any CPU
		{ED5FBB60-9B33-4A3F-8189-DEC4364AEDF4}.Debug|Any CPU.Build.0 = Debug|Any CPU
		{ED5FBB60-9B33-4A3F-8189-DEC4364AEDF4}.Release|Any CPU.ActiveCfg = Release|Any CPU
		{ED5FBB60-9B33-4A3F-8189-DEC4364AEDF4}.Release|Any CPU.Build.0 = Release|Any CPU
		{0FD3D3B8-95EB-4AE2-9DE2-D2217624610A}.Debug|Any CPU.ActiveCfg = Debug|Any CPU
		{0FD3D3B8-95EB-4AE2-9DE2-D2217624610A}.Debug|Any CPU.Build.0 = Debug|Any CPU
		{0FD3D3B8-95EB-4AE2-9DE2-D2217624610A}.Release|Any CPU.ActiveCfg = Release|Any CPU
		{0FD3D3B8-95EB-4AE2-9DE2-D2217624610A}.Release|Any CPU.Build.0 = Release|Any CPU
	EndGlobalSection
	GlobalSection(SolutionProperties) = preSolution
		HideSolutionNode = FALSE
	EndGlobalSection
	GlobalSection(ExtensibilityGlobals) = postSolution
		SolutionGuid = {9DCA2006-4ACE-4F5A-897E-B224D8CCE157}
	EndGlobalSection
EndGlobal
